{
  "name": "@wow-core/guild-policy",
  "version": "0.1.0",
  "lockfileVersion": 3,
  "requires": true,
  "packages": {
    "": {
      "name": "@wow-core/guild-policy",
      "version": "0.1.0",
      "license": "MIT",
      "dependencies": {
        "@wow-core/contracts": "git+https://github.com/TheFortThatHolds/wow-core.git#50689536f78ac507a643152325dc7586060713c5"
      },
      "engines": {
        "node": ">=22"
      }
    },
    "node_modules/@wow-core/contracts": {
      "version": "0.1.0",
      "resolved": "git+https://github.com/TheFortThatHolds/wow-core.git#50689536f78ac507a643152325dc7586060713c5",
      "integrity": "sha512-fVkBzJ3qm1ZhboD2B0FrOOe8uY6xec4dZuS556v3tGfXSz0vFbAkPGP9ddTx43P2tti1VDh7RkyHPo/GeE0CoQ==",
      "license": "MIT",
      "engines": {
        "node": ">=22"
      }
    }
  }
}
